
Microsoft Visual Studio Solution File, Format Version 12.00
# Visual Studio Version 16
VisualStudioVersion = 16.0.31424.327
MinimumVisualStudioVersion = 10.0.40219.1
Project("{FAE04EC0-301F-11D3-BF4B-00C04F79EFBC}") = "Form_02_Sayı_Tahmin", "Form_02_Sayı_Tahmin\Form_02_Sayı_Tahmin.csproj", "{3FA8E25D-B3CB-40E1-B3F0-7318E4273AE6}"
EndProject
Global
	GlobalSection(SolutionConfigurationPlatforms) = preSolution
		Debug|Any CPU = Debug|Any CPU
		Release|Any CPU = Release|Any CPU
	EndGlobalSection
	GlobalSection(ProjectConfigurationPlatforms) = postSolution
		{3FA8E25D-B3CB-40E1-B3F0-7318E4273AE6}.Debug|Any CPU.ActiveCfg = Debug|Any CPU
		{3FA8E25D-B3CB-40E1-B3F0-7318E4273AE6}.Debug|Any CPU.Build.0 = Debug|Any CPU
		{3FA8E25D-B3CB-40E1-B3F0-7318E4273AE6}.Release|Any CPU.ActiveCfg = Release|Any CPU
		{3FA8E25D-B3CB-40E1-B3F0-7318E4273AE6}.Release|Any CPU.Build.0 = Release|Any CPU
	EndGlobalSection
	GlobalSection(SolutionProperties) = preSolution
		HideSolutionNode = FALSE
	EndGlobalSection
	GlobalSection(ExtensibilityGlobals) = postSolution
		SolutionGuid = {C306D8E6-CFE3-4F7E-B299-94BA73DE3262}
	EndGlobalSection
EndGlobal
